
Microsoft Visual Studio Solution File, Format Version 12.00
# Visual Studio Version 16
VisualStudioVersion = 16.0.28803.156
MinimumVisualStudioVersion = 10.0.40219.1
Project("{FAE04EC0-301F-11D3-BF4B-00C04F79EFBC}") = "ExpenseTracker", "ExpenseTracker\ExpenseTracker.csproj", "{90CE2D84-694F-4F77-B5EE-E0AB63A9402A}"
EndProject
Global
	GlobalSection(SolutionConfigurationPlatforms) = preSolution
		Debug|Any CPU = Debug|Any CPU
		Release|Any CPU = Release|Any CPU
	EndGlobalSection
	GlobalSection(ProjectConfigurationPlatforms) = postSolution
		{90CE2D84-694F-4F77-B5EE-E0AB63A9402A}.Debug|Any CPU.ActiveCfg = Debug|Any CPU
		{90CE2D84-694F-4F77-B5EE-E0AB63A9402A}.Debug|Any CPU.Build.0 = Debug|Any CPU
		{90CE2D84-694F-4F77-B5EE-E0AB63A9402A}.Release|Any CPU.ActiveCfg = Release|Any CPU
		{90CE2D84-694F-4F77-B5EE-E0AB63A9402A}.Release|Any CPU.Build.0 = Release|Any CPU
	EndGlobalSection
	GlobalSection(SolutionProperties) = preSolution
		HideSolutionNode = FALSE
	EndGlobalSection
	GlobalSection(ExtensibilityGlobals) = postSolution
		SolutionGuid = {567021A9-635B-47B4-9F3A-61D11DFD797E}
	EndGlobalSection
EndGlobal
